# THIS IS AN AUTOGENERATED FILE. DO NOT EDIT THIS FILE DIRECTLY.
# yarn lockfile v1


chrome-cli@^1.1.1:
  version "1.1.1"
  resolved "https://registry.yarnpkg.com/chrome-cli/-/chrome-cli-1.1.1.tgz#5800579fb1bf14403eb45a977e18dd0edd7c7bfb"

"git-standup@git+https://github.com/gimi-org/git-standup":
  version "2.1.8"
  resolved "git+https://github.com/gimi-org/git-standup#2382f1f59eeaf5f1703bc7cf3276cf54d166d369"
